// !$*UTF8*$!
{
	archiveVersion = 1;
	classes = {
	};
	objectVersion = 56;
	objects = {

/* Begin PBXBuildFile section */
		31747DAF2A12CAFB00F316A1 /* AdminView.swift in Sources */ = {isa = PBXBuildFile; fileRef = 31747DAE2A12CAFB00F316A1 /* AdminView.swift */; };
		5C6EB2312A10362700A94E04 /* ContentViewModel.swift in Sources */ = {isa = PBXBuildFile; fileRef = 5C6EB2302A10362700A94E04 /* ContentViewModel.swift */; };
		5C6EB2332A103EF700A94E04 /* ProfileView.swift in Sources */ = {isa = PBXBuildFile; fileRef = 5C6EB2322A103EF700A94E04 /* ProfileView.swift */; };
		5CCDFCA82A0FF47300FA8300 /* NAButton.swift in Sources */ = {isa = PBXBuildFile; fileRef = 5CCDFCA72A0FF47300FA8300 /* NAButton.swift */; };
		5CCDFCAB2A0FF73C00FA8300 /* User.swift in Sources */ = {isa = PBXBuildFile; fileRef = 5CCDFCAA2A0FF73C00FA8300 /* User.swift */; };
		5CCDFCAE2A0FF7AD00FA8300 /* Extensions.swift in Sources */ = {isa = PBXBuildFile; fileRef = 5CCDFCAD2A0FF7AD00FA8300 /* Extensions.swift */; };
		5CCDFCB02A1011A200FA8300 /* GoogleService-Info.plist in Resources */ = {isa = PBXBuildFile; fileRef = 5CCDFCAF2A1011A200FA8300 /* GoogleService-Info.plist */; };
		5CCF85972A0FDFBE00CF11CB /* LoginView.swift in Sources */ = {isa = PBXBuildFile; fileRef = 5CCF85962A0FDFBE00CF11CB /* LoginView.swift */; };
		5CCF859A2A0FE02D00CF11CB /* LoginViewModel.swift in Sources */ = {isa = PBXBuildFile; fileRef = 5CCF85992A0FE02D00CF11CB /* LoginViewModel.swift */; };
		5CCF859D2A0FE0B100CF11CB /* FirebaseAuth in Frameworks */ = {isa = PBXBuildFile; productRef = 5CCF859C2A0FE0B100CF11CB /* FirebaseAuth */; };
		5CCF859F2A0FE0B100CF11CB /* FirebaseFirestore in Frameworks */ = {isa = PBXBuildFile; productRef = 5CCF859E2A0FE0B100CF11CB /* FirebaseFirestore */; };
		5CCF85A12A0FE0B100CF11CB /* FirebaseFirestoreSwift in Frameworks */ = {isa = PBXBuildFile; productRef = 5CCF85A02A0FE0B100CF11CB /* FirebaseFirestoreSwift */; };
		5CCF85A32A0FE0B100CF11CB /* FirebaseInAppMessaging-Beta in Frameworks */ = {isa = PBXBuildFile; productRef = 5CCF85A22A0FE0B100CF11CB /* FirebaseInAppMessaging-Beta */; };
		5CCF85A52A0FE0B100CF11CB /* FirebaseInAppMessagingSwift-Beta in Frameworks */ = {isa = PBXBuildFile; productRef = 5CCF85A42A0FE0B100CF11CB /* FirebaseInAppMessagingSwift-Beta */; };
		5CCF85A72A0FE0B100CF11CB /* FirebaseMessaging in Frameworks */ = {isa = PBXBuildFile; productRef = 5CCF85A62A0FE0B100CF11CB /* FirebaseMessaging */; };
		5CCF85A92A0FE0B100CF11CB /* FirebaseStorage in Frameworks */ = {isa = PBXBuildFile; productRef = 5CCF85A82A0FE0B100CF11CB /* FirebaseStorage */; };
		5CCF85AB2A0FE2F200CF11CB /* RegisterViewModel.swift in Sources */ = {isa = PBXBuildFile; fileRef = 5CCF85AA2A0FE2F200CF11CB /* RegisterViewModel.swift */; };
		5CCF85AD2A0FE33900CF11CB /* RegisterView.swift in Sources */ = {isa = PBXBuildFile; fileRef = 5CCF85AC2A0FE33900CF11CB /* RegisterView.swift */; };
		7709B6B12A0BD859004DBE6F /* NewsAppApp.swift in Sources */ = {isa = PBXBuildFile; fileRef = 7709B6B02A0BD859004DBE6F /* NewsAppApp.swift */; };
		7709B6B32A0BD859004DBE6F /* ContentView.swift in Sources */ = {isa = PBXBuildFile; fileRef = 7709B6B22A0BD859004DBE6F /* ContentView.swift */; };
		7709B6B52A0BD85C004DBE6F /* Assets.xcassets in Resources */ = {isa = PBXBuildFile; fileRef = 7709B6B42A0BD85C004DBE6F /* Assets.xcassets */; };
		7709B6B82A0BD85C004DBE6F /* Preview Assets.xcassets in Resources */ = {isa = PBXBuildFile; fileRef = 7709B6B72A0BD85C004DBE6F /* Preview Assets.xcassets */; };
		7709B6C22A0BD85D004DBE6F /* NewsAppTests.swift in Sources */ = {isa = PBXBuildFile; fileRef = 7709B6C12A0BD85D004DBE6F /* NewsAppTests.swift */; };
		7709B6CC2A0BD85D004DBE6F /* NewsAppUITests.swift in Sources */ = {isa = PBXBuildFile; fileRef = 7709B6CB2A0BD85D004DBE6F /* NewsAppUITests.swift */; };
		7709B6CE2A0BD85D004DBE6F /* NewsAppUITestsLaunchTests.swift in Sources */ = {isa = PBXBuildFile; fileRef = 7709B6CD2A0BD85D004DBE6F /* NewsAppUITestsLaunchTests.swift */; };
		CB9D720D2A124EF100721DE7 /* Article.swift in Sources */ = {isa = PBXBuildFile; fileRef = CB9D720C2A124EF100721DE7 /* Article.swift */; };
		CB9D720F2A12656100721DE7 /* NewsFeedViewModel.swift in Sources */ = {isa = PBXBuildFile; fileRef = CB9D720E2A12656100721DE7 /* NewsFeedViewModel.swift */; };
		CB9D72132A1269DF00721DE7 /* ArticleViewModel.swift in Sources */ = {isa = PBXBuildFile; fileRef = CB9D72122A1269DF00721DE7 /* ArticleViewModel.swift */; };
		CB9D72152A12700500721DE7 /* NewsFeedView.swift in Sources */ = {isa = PBXBuildFile; fileRef = CB9D72142A12700500721DE7 /* NewsFeedView.swift */; };
		CB9D72172A12705100721DE7 /* ArticleView.swift in Sources */ = {isa = PBXBuildFile; fileRef = CB9D72162A12705100721DE7 /* ArticleView.swift */; };
/* End PBXBuildFile section */

/* Begin PBXContainerItemProxy section */
		7709B6BE2A0BD85D004DBE6F /* PBXContainerItemProxy */ = {
			isa = PBXContainerItemProxy;
			containerPortal = 7709B6A52A0BD859004DBE6F /* Project object */;
			proxyType = 1;
			remoteGlobalIDString = 7709B6AC2A0BD859004DBE6F;
			remoteInfo = NewsApp;
		};
		7709B6C82A0BD85D004DBE6F /* PBXContainerItemProxy */ = {
			isa = PBXContainerItemProxy;
			containerPortal = 7709B6A52A0BD859004DBE6F /* Project object */;
			proxyType = 1;
			remoteGlobalIDString = 7709B6AC2A0BD859004DBE6F;
			remoteInfo = NewsApp;
		};
/* End PBXContainerItemProxy section */

/* Begin PBXFileReference section */
		31747DAE2A12CAFB00F316A1 /* AdminView.swift */ = {isa = PBXFileReference; lastKnownFileType = sourcecode.swift; path = AdminView.swift; sourceTree = "<group>"; };
		5C6EB2302A10362700A94E04 /* ContentViewModel.swift */ = {isa = PBXFileReference; lastKnownFileType = sourcecode.swift; path = ContentViewModel.swift; sourceTree = "<group>"; };
		5C6EB2322A103EF700A94E04 /* ProfileView.swift */ = {isa = PBXFileReference; lastKnownFileType = sourcecode.swift; path = ProfileView.swift; sourceTree = "<group>"; };
		5CCDFCA72A0FF47300FA8300 /* NAButton.swift */ = {isa = PBXFileReference; lastKnownFileType = sourcecode.swift; path = NAButton.swift; sourceTree = "<group>"; };
		5CCDFCAA2A0FF73C00FA8300 /* User.swift */ = {isa = PBXFileReference; lastKnownFileType = sourcecode.swift; path = User.swift; sourceTree = "<group>"; };
		5CCDFCAD2A0FF7AD00FA8300 /* Extensions.swift */ = {isa = PBXFileReference; lastKnownFileType = sourcecode.swift; path = Extensions.swift; sourceTree = "<group>"; };
		5CCDFCAF2A1011A200FA8300 /* GoogleService-Info.plist */ = {isa = PBXFileReference; fileEncoding = 4; lastKnownFileType = text.plist.xml; name = "GoogleService-Info.plist"; path = "NewsApp/GoogleService-Info.plist"; sourceTree = "<group>"; };
		5CCF85962A0FDFBE00CF11CB /* LoginView.swift */ = {isa = PBXFileReference; lastKnownFileType = sourcecode.swift; path = LoginView.swift; sourceTree = "<group>"; };
		5CCF85992A0FE02D00CF11CB /* LoginViewModel.swift */ = {isa = PBXFileReference; lastKnownFileType = sourcecode.swift; path = LoginViewModel.swift; sourceTree = "<group>"; };
		5CCF85AA2A0FE2F200CF11CB /* RegisterViewModel.swift */ = {isa = PBXFileReference; lastKnownFileType = sourcecode.swift; path = RegisterViewModel.swift; sourceTree = "<group>"; };
		5CCF85AC2A0FE33900CF11CB /* RegisterView.swift */ = {isa = PBXFileReference; lastKnownFileType = sourcecode.swift; path = RegisterView.swift; sourceTree = "<group>"; };
		7709B6AD2A0BD859004DBE6F /* NewsApp.app */ = {isa = PBXFileReference; explicitFileType = wrapper.application; includeInIndex = 0; path = NewsApp.app; sourceTree = BUILT_PRODUCTS_DIR; };
		7709B6B02A0BD859004DBE6F /* NewsAppApp.swift */ = {isa = PBXFileReference; lastKnownFileType = sourcecode.swift; path = NewsAppApp.swift; sourceTree = "<group>"; };
		7709B6B22A0BD859004DBE6F /* ContentView.swift */ = {isa = PBXFileReference; lastKnownFileType = sourcecode.swift; path = ContentView.swift; sourceTree = "<group>"; };
		7709B6B42A0BD85C004DBE6F /* Assets.xcassets */ = {isa = PBXFileReference; lastKnownFileType = folder.assetcatalog; path = Assets.xcassets; sourceTree = "<group>"; };
		7709B6B72A0BD85C004DBE6F /* Preview Assets.xcassets */ = {isa = PBXFileReference; lastKnownFileType = folder.assetcatalog; path = "Preview Assets.xcassets"; sourceTree = "<group>"; };
		7709B6BD2A0BD85D004DBE6F /* NewsAppTests.xctest */ = {isa = PBXFileReference; explicitFileType = wrapper.cfbundle; includeInIndex = 0; path = NewsAppTests.xctest; sourceTree = BUILT_PRODUCTS_DIR; };
		7709B6C12A0BD85D004DBE6F /* NewsAppTests.swift */ = {isa = PBXFileReference; lastKnownFileType = sourcecode.swift; path = NewsAppTests.swift; sourceTree = "<group>"; };
		7709B6C72A0BD85D004DBE6F /* NewsAppUITests.xctest */ = {isa = PBXFileReference; explicitFileType = wrapper.cfbundle; includeInIndex = 0; path = NewsAppUITests.xctest; sourceTree = BUILT_PRODUCTS_DIR; };
		7709B6CB2A0BD85D004DBE6F /* NewsAppUITests.swift */ = {isa = PBXFileReference; lastKnownFileType = sourcecode.swift; path = NewsAppUITests.swift; sourceTree = "<group>"; };
		7709B6CD2A0BD85D004DBE6F /* NewsAppUITestsLaunchTests.swift */ = {isa = PBXFileReference; lastKnownFileType = sourcecode.swift; path = NewsAppUITestsLaunchTests.swift; sourceTree = "<group>"; };
		CB9D720C2A124EF100721DE7 /* Article.swift */ = {isa = PBXFileReference; lastKnownFileType = sourcecode.swift; path = Article.swift; sourceTree = "<group>"; };
		CB9D720E2A12656100721DE7 /* NewsFeedViewModel.swift */ = {isa = PBXFileReference; lastKnownFileType = sourcecode.swift; path = NewsFeedViewModel.swift; sourceTree = "<group>"; };
		CB9D72122A1269DF00721DE7 /* ArticleViewModel.swift */ = {isa = PBXFileReference; lastKnownFileType = sourcecode.swift; path = ArticleViewModel.swift; sourceTree = "<group>"; };
		CB9D72142A12700500721DE7 /* NewsFeedView.swift */ = {isa = PBXFileReference; lastKnownFileType = sourcecode.swift; path = NewsFeedView.swift; sourceTree = "<group>"; };
		CB9D72162A12705100721DE7 /* ArticleView.swift */ = {isa = PBXFileReference; lastKnownFileType = sourcecode.swift; path = ArticleView.swift; sourceTree = "<group>"; };
/* End PBXFileReference section */

/* Begin PBXFrameworksBuildPhase section */
		7709B6AA2A0BD859004DBE6F /* Frameworks */ = {
			isa = PBXFrameworksBuildPhase;
			buildActionMask = 2147483647;
			files = (
				5CCF85A72A0FE0B100CF11CB /* FirebaseMessaging in Frameworks */,
				5CCF859D2A0FE0B100CF11CB /* FirebaseAuth in Frameworks */,
				5CCF859F2A0FE0B100CF11CB /* FirebaseFirestore in Frameworks */,
				5CCF85A52A0FE0B100CF11CB /* FirebaseInAppMessagingSwift-Beta in Frameworks */,
				5CCF85A92A0FE0B100CF11CB /* FirebaseStorage in Frameworks */,
				5CCF85A12A0FE0B100CF11CB /* FirebaseFirestoreSwift in Frameworks */,
				5CCF85A32A0FE0B100CF11CB /* FirebaseInAppMessaging-Beta in Frameworks */,
			);
			runOnlyForDeploymentPostprocessing = 0;
		};
		7709B6BA2A0BD85C004DBE6F /* Frameworks */ = {
			isa = PBXFrameworksBuildPhase;
			buildActionMask = 2147483647;
			files = (
			);
			runOnlyForDeploymentPostprocessing = 0;
		};
		7709B6C42A0BD85D004DBE6F /* Frameworks */ = {
			isa = PBXFrameworksBuildPhase;
			buildActionMask = 2147483647;
			files = (
			);
			runOnlyForDeploymentPostprocessing = 0;
		};
/* End PBXFrameworksBuildPhase section */

/* Begin PBXGroup section */
		5CCDFCA42A0FF31C00FA8300 /* Components */ = {
			isa = PBXGroup;
			children = (
				5CCDFCA72A0FF47300FA8300 /* NAButton.swift */,
			);
			path = Components;
			sourceTree = "<group>";
		};
		5CCDFCA92A0FF72F00FA8300 /* Models */ = {
			isa = PBXGroup;
			children = (
				5CCDFCAA2A0FF73C00FA8300 /* User.swift */,
				CB9D720C2A124EF100721DE7 /* Article.swift */,
			);
			path = Models;
			sourceTree = "<group>";
		};
		5CCDFCAC2A0FF79C00FA8300 /* Other */ = {
			isa = PBXGroup;
			children = (
				5CCDFCAD2A0FF7AD00FA8300 /* Extensions.swift */,
			);
			path = Other;
			sourceTree = "<group>";
		};
		5CCF85952A0FDFB100CF11CB /* Views */ = {
			isa = PBXGroup;
			children = (
				5CCDFCA42A0FF31C00FA8300 /* Components */,
				7709B6B22A0BD859004DBE6F /* ContentView.swift */,
				5CCF85962A0FDFBE00CF11CB /* LoginView.swift */,
				5CCF85AC2A0FE33900CF11CB /* RegisterView.swift */,
				5C6EB2322A103EF700A94E04 /* ProfileView.swift */,
				CB9D72142A12700500721DE7 /* NewsFeedView.swift */,
				CB9D72162A12705100721DE7 /* ArticleView.swift */,
				31747DAE2A12CAFB00F316A1 /* AdminView.swift */,
			);
			path = Views;
			sourceTree = "<group>";
		};
		5CCF85982A0FDFFF00CF11CB /* ViewModels */ = {
			isa = PBXGroup;
			children = (
				5CCF85992A0FE02D00CF11CB /* LoginViewModel.swift */,
				5CCF85AA2A0FE2F200CF11CB /* RegisterViewModel.swift */,
				5C6EB2302A10362700A94E04 /* ContentViewModel.swift */,
				CB9D720E2A12656100721DE7 /* NewsFeedViewModel.swift */,
				CB9D72122A1269DF00721DE7 /* ArticleViewModel.swift */,
			);
			path = ViewModels;
			sourceTree = "<group>";
		};
		7709B6A42A0BD859004DBE6F = {
			isa = PBXGroup;
			children = (
				5CCDFCAF2A1011A200FA8300 /* GoogleService-Info.plist */,
				7709B6AF2A0BD859004DBE6F /* NewsApp */,
				7709B6C02A0BD85D004DBE6F /* NewsAppTests */,
				7709B6CA2A0BD85D004DBE6F /* NewsAppUITests */,
				7709B6AE2A0BD859004DBE6F /* Products */,
			);
			sourceTree = "<group>";
		};
		7709B6AE2A0BD859004DBE6F /* Products */ = {
			isa = PBXGroup;
			children = (
				7709B6AD2A0BD859004DBE6F /* NewsApp.app */,
				7709B6BD2A0BD85D004DBE6F /* NewsAppTests.xctest */,
				7709B6C72A0BD85D004DBE6F /* NewsAppUITests.xctest */,
			);
			name = Products;
			sourceTree = "<group>";
		};
		7709B6AF2A0BD859004DBE6F /* NewsApp */ = {
			isa = PBXGroup;
			children = (
				5CCDFCAC2A0FF79C00FA8300 /* Other */,
				5CCDFCA92A0FF72F00FA8300 /* Models */,
				5CCF85982A0FDFFF00CF11CB /* ViewModels */,
				5CCF85952A0FDFB100CF11CB /* Views */,
				7709B6B02A0BD859004DBE6F /* NewsAppApp.swift */,
				7709B6B42A0BD85C004DBE6F /* Assets.xcassets */,
				7709B6B62A0BD85C004DBE6F /* Preview Content */,
			);
			path = NewsApp;
			sourceTree = "<group>";
		};
		7709B6B62A0BD85C004DBE6F /* Preview Content */ = {
			isa = PBXGroup;
			children = (
				7709B6B72A0BD85C004DBE6F /* Preview Assets.xcassets */,
			);
			path = "Preview Content";
			sourceTree = "<group>";
		};
		7709B6C02A0BD85D004DBE6F /* NewsAppTests */ = {
			isa = PBXGroup;
			children = (
				7709B6C12A0BD85D004DBE6F /* NewsAppTests.swift */,
			);
			path = NewsAppTests;
			sourceTree = "<group>";
		};
		7709B6CA2A0BD85D004DBE6F /* NewsAppUITests */ = {
			isa = PBXGroup;
			children = (
				7709B6CB2A0BD85D004DBE6F /* NewsAppUITests.swift */,
				7709B6CD2A0BD85D004DBE6F /* NewsAppUITestsLaunchTests.swift */,
			);
			path = NewsAppUITests;
			sourceTree = "<group>";
		};
/* End PBXGroup section */

/* Begin PBXNativeTarget section */
		7709B6AC2A0BD859004DBE6F /* NewsApp */ = {
			isa = PBXNativeTarget;
			buildConfigurationList = 7709B6D12A0BD85D004DBE6F /* Build configuration list for PBXNativeTarget "NewsApp" */;
			buildPhases = (
				7709B6A92A0BD859004DBE6F /* Sources */,
				7709B6AA2A0BD859004DBE6F /* Frameworks */,
				7709B6AB2A0BD859004DBE6F /* Resources */,
			);
			buildRules = (
			);
			dependencies = (
			);
			name = NewsApp;
			packageProductDependencies = (
				5CCF859C2A0FE0B100CF11CB /* FirebaseAuth */,
				5CCF859E2A0FE0B100CF11CB /* FirebaseFirestore */,
				5CCF85A02A0FE0B100CF11CB /* FirebaseFirestoreSwift */,
				5CCF85A22A0FE0B100CF11CB /* FirebaseInAppMessaging-Beta */,
				5CCF85A42A0FE0B100CF11CB /* FirebaseInAppMessagingSwift-Beta */,
				5CCF85A62A0FE0B100CF11CB /* FirebaseMessaging */,
				5CCF85A82A0FE0B100CF11CB /* FirebaseStorage */,
			);
			productName = NewsApp;
			productReference = 7709B6AD2A0BD859004DBE6F /* NewsApp.app */;
			productType = "com.apple.product-type.application";
		};
		7709B6BC2A0BD85C004DBE6F /* NewsAppTests */ = {
			isa = PBXNativeTarget;
			buildConfigurationList = 7709B6D42A0BD85D004DBE6F /* Build configuration list for PBXNativeTarget "NewsAppTests" */;
			buildPhases = (
				7709B6B92A0BD85C004DBE6F /* Sources */,
				7709B6BA2A0BD85C004DBE6F /* Frameworks */,
				7709B6BB2A0BD85C004DBE6F /* Resources */,
			);
			buildRules = (
			);
			dependencies = (
				7709B6BF2A0BD85D004DBE6F /* PBXTargetDependency */,
			);
			name = NewsAppTests;
			productName = NewsAppTests;
			productReference = 7709B6BD2A0BD85D004DBE6F /* NewsAppTests.xctest */;
			productType = "com.apple.product-type.bundle.unit-test";
		};
		7709B6C62A0BD85D004DBE6F /* NewsAppUITests */ = {
			isa = PBXNativeTarget;
			buildConfigurationList = 7709B6D72A0BD85D004DBE6F /* Build configuration list for PBXNativeTarget "NewsAppUITests" */;
			buildPhases = (
				7709B6C32A0BD85D004DBE6F /* Sources */,
				7709B6C42A0BD85D004DBE6F /* Frameworks */,
				7709B6C52A0BD85D004DBE6F /* Resources */,
			);
			buildRules = (
			);
			dependencies = (
				7709B6C92A0BD85D004DBE6F /* PBXTargetDependency */,
			);
			name = NewsAppUITests;
			productName = NewsAppUITests;
			productReference = 7709B6C72A0BD85D004DBE6F /* NewsAppUITests.xctest */;
			productType = "com.apple.product-type.bundle.ui-testing";
		};
/* End PBXNativeTarget section */

/* Begin PBXProject section */
		7709B6A52A0BD859004DBE6F /* Project object */ = {
			isa = PBXProject;
			attributes = {
				BuildIndependentTargetsInParallel = 1;
				LastSwiftUpdateCheck = 1420;
				LastUpgradeCheck = 1420;
				TargetAttributes = {
					7709B6AC2A0BD859004DBE6F = {
						CreatedOnToolsVersion = 14.2;
					};
					7709B6BC2A0BD85C004DBE6F = {
						CreatedOnToolsVersion = 14.2;
						TestTargetID = 7709B6AC2A0BD859004DBE6F;
					};
					7709B6C62A0BD85D004DBE6F = {
						CreatedOnToolsVersion = 14.2;
						TestTargetID = 7709B6AC2A0BD859004DBE6F;
					};
				};
			};
			buildConfigurationList = 7709B6A82A0BD859004DBE6F /* Build configuration list for PBXProject "NewsApp" */;
			compatibilityVersion = "Xcode 14.0";
			developmentRegion = en;
			hasScannedForEncodings = 0;
			knownRegions = (
				en,
				Base,
			);
			mainGroup = 7709B6A42A0BD859004DBE6F;
			packageReferences = (
				5CCF859B2A0FE0B100CF11CB /* XCRemoteSwiftPackageReference "firebase-ios-sdk" */,
			);
			productRefGroup = 7709B6AE2A0BD859004DBE6F /* Products */;
			projectDirPath = "";
			projectRoot = "";
			targets = (
				7709B6AC2A0BD859004DBE6F /* NewsApp */,
				7709B6BC2A0BD85C004DBE6F /* NewsAppTests */,
				7709B6C62A0BD85D004DBE6F /* NewsAppUITests */,
			);
		};
/* End PBXProject section */

/* Begin PBXResourcesBuildPhase section */
		7709B6AB2A0BD859004DBE6F /* Resources */ = {
			isa = PBXResourcesBuildPhase;
			buildActionMask = 2147483647;
			files = (
				7709B6B82A0BD85C004DBE6F /* Preview Assets.xcassets in Resources */,
				7709B6B52A0BD85C004DBE6F /* Assets.xcassets in Resources */,
				5CCDFCB02A1011A200FA8300 /* GoogleService-Info.plist in Resources */,
			);
			runOnlyForDeploymentPostprocessing = 0;
		};
		7709B6BB2A0BD85C004DBE6F /* Resources */ = {
			isa = PBXResourcesBuildPhase;
			buildActionMask = 2147483647;
			files = (
			);
			runOnlyForDeploymentPostprocessing = 0;
		};
		7709B6C52A0BD85D004DBE6F /* Resources */ = {
			isa = PBXResourcesBuildPhase;
			buildActionMask = 2147483647;
			files = (
			);
			runOnlyForDeploymentPostprocessing = 0;
		};
/* End PBXResourcesBuildPhase section */

/* Begin PBXSourcesBuildPhase section */
		7709B6A92A0BD859004DBE6F /* Sources */ = {
			isa = PBXSourcesBuildPhase;
			buildActionMask = 2147483647;
			files = (
				5CCF859A2A0FE02D00CF11CB /* LoginViewModel.swift in Sources */,
				5CCF85AB2A0FE2F200CF11CB /* RegisterViewModel.swift in Sources */,
				5CCF85972A0FDFBE00CF11CB /* LoginView.swift in Sources */,
				CB9D72132A1269DF00721DE7 /* ArticleViewModel.swift in Sources */,
				5CCF85AD2A0FE33900CF11CB /* RegisterView.swift in Sources */,
				5C6EB2312A10362700A94E04 /* ContentViewModel.swift in Sources */,
				CB9D72152A12700500721DE7 /* NewsFeedView.swift in Sources */,
				5CCDFCA82A0FF47300FA8300 /* NAButton.swift in Sources */,
				5CCDFCAE2A0FF7AD00FA8300 /* Extensions.swift in Sources */,
				5CCDFCAB2A0FF73C00FA8300 /* User.swift in Sources */,
				CB9D720F2A12656100721DE7 /* NewsFeedViewModel.swift in Sources */,
				CB9D72172A12705100721DE7 /* ArticleView.swift in Sources */,
				CB9D720D2A124EF100721DE7 /* Article.swift in Sources */,
				7709B6B32A0BD859004DBE6F /* ContentView.swift in Sources */,
				5C6EB2332A103EF700A94E04 /* ProfileView.swift in Sources */,
				7709B6B12A0BD859004DBE6F /* NewsAppApp.swift in Sources */,
				31747DAF2A12CAFB00F316A1 /* AdminView.swift in Sources */,
			);
			runOnlyForDeploymentPostprocessing = 0;
		};
		7709B6B92A0BD85C004DBE6F /* Sources */ = {
			isa = PBXSourcesBuildPhase;
			buildActionMask = 2147483647;
			files = (
				7709B6C22A0BD85D004DBE6F /* NewsAppTests.swift in Sources */,
			);
			runOnlyForDeploymentPostprocessing = 0;
		};
		7709B6C32A0BD85D004DBE6F /* Sources */ = {
			isa = PBXSourcesBuildPhase;
			buildActionMask = 2147483647;
			files = (
				7709B6CC2A0BD85D004DBE6F /* NewsAppUITests.swift in Sources */,
				7709B6CE2A0BD85D004DBE6F /* NewsAppUITestsLaunchTests.swift in Sources */,
			);
			runOnlyForDeploymentPostprocessing = 0;
		};
/* End PBXSourcesBuildPhase section */

/* Begin PBXTargetDependency section */
		7709B6BF2A0BD85D004DBE6F /* PBXTargetDependency */ = {
			isa = PBXTargetDependency;
			target = 7709B6AC2A0BD859004DBE6F /* NewsApp */;
			targetProxy = 7709B6BE2A0BD85D004DBE6F /* PBXContainerItemProxy */;
		};
		7709B6C92A0BD85D004DBE6F /* PBXTargetDependency */ = {
			isa = PBXTargetDependency;
			target = 7709B6AC2A0BD859004DBE6F /* NewsApp */;
			targetProxy = 7709B6C82A0BD85D004DBE6F /* PBXContainerItemProxy */;
		};
/* End PBXTargetDependency section */

/* Begin XCBuildConfiguration section */
		7709B6CF2A0BD85D004DBE6F /* Debug */ = {
			isa = XCBuildConfiguration;
			buildSettings = {
				ALWAYS_SEARCH_USER_PATHS = NO;
				CLANG_ANALYZER_NONNULL = YES;
				CLANG_ANALYZER_NUMBER_OBJECT_CONVERSION = YES_AGGRESSIVE;
				CLANG_CXX_LANGUAGE_STANDARD = "gnu++20";
				CLANG_ENABLE_MODULES = YES;
				CLANG_ENABLE_OBJC_ARC = YES;
				CLANG_ENABLE_OBJC_WEAK = YES;
				CLANG_WARN_BLOCK_CAPTURE_AUTORELEASING = YES;
				CLANG_WARN_BOOL_CONVERSION = YES;
				CLANG_WARN_COMMA = YES;
				CLANG_WARN_CONSTANT_CONVERSION = YES;
				CLANG_WARN_DEPRECATED_OBJC_IMPLEMENTATIONS = YES;
				CLANG_WARN_DIRECT_OBJC_ISA_USAGE = YES_ERROR;
				CLANG_WARN_DOCUMENTATION_COMMENTS = YES;
				CLANG_WARN_EMPTY_BODY = YES;
				CLANG_WARN_ENUM_CONVERSION = YES;
				CLANG_WARN_INFINITE_RECURSION = YES;
				CLANG_WARN_INT_CONVERSION = YES;
				CLANG_WARN_NON_LITERAL_NULL_CONVERSION = YES;
				CLANG_WARN_OBJC_IMPLICIT_RETAIN_SELF = YES;
				CLANG_WARN_OBJC_LITERAL_CONVERSION = YES;
				CLANG_WARN_OBJC_ROOT_CLASS = YES_ERROR;
				CLANG_WARN_QUOTED_INCLUDE_IN_FRAMEWORK_HEADER = YES;
				CLANG_WARN_RANGE_LOOP_ANALYSIS = YES;
				CLANG_WARN_STRICT_PROTOTYPES = YES;
				CLANG_WARN_SUSPICIOUS_MOVE = YES;
				CLANG_WARN_UNGUARDED_AVAILABILITY = YES_AGGRESSIVE;
				CLANG_WARN_UNREACHABLE_CODE = YES;
				CLANG_WARN__DUPLICATE_METHOD_MATCH = YES;
				COPY_PHASE_STRIP = NO;
				DEBUG_INFORMATION_FORMAT = dwarf;
				ENABLE_STRICT_OBJC_MSGSEND = YES;
				ENABLE_TESTABILITY = YES;
				GCC_C_LANGUAGE_STANDARD = gnu11;
				GCC_DYNAMIC_NO_PIC = NO;
				GCC_NO_COMMON_BLOCKS = YES;
				GCC_OPTIMIZATION_LEVEL = 0;
				GCC_PREPROCESSOR_DEFINITIONS = (
					"DEBUG=1",
					"$(inherited)",
				);
				GCC_WARN_64_TO_32_BIT_CONVERSION = YES;
				GCC_WARN_ABOUT_RETURN_TYPE = YES_ERROR;
				GCC_WARN_UNDECLARED_SELECTOR = YES;
				GCC_WARN_UNINITIALIZED_AUTOS = YES_AGGRESSIVE;
				GCC_WARN_UNUSED_FUNCTION = YES;
				GCC_WARN_UNUSED_VARIABLE = YES;
				IPHONEOS_DEPLOYMENT_TARGET = 16.2;
				MTL_ENABLE_DEBUG_INFO = INCLUDE_SOURCE;
				MTL_FAST_MATH = YES;
				ONLY_ACTIVE_ARCH = YES;
				SDKROOT = iphoneos;
				SWIFT_ACTIVE_COMPILATION_CONDITIONS = DEBUG;
				SWIFT_OPTIMIZATION_LEVEL = "-Onone";
			};
			name = Debug;
		};
		7709B6D02A0BD85D004DBE6F /* Release */ = {
			isa = XCBuildConfiguration;
			buildSettings = {
				ALWAYS_SEARCH_USER_PATHS = NO;
				CLANG_ANALYZER_NONNULL = YES;
				CLANG_ANALYZER_NUMBER_OBJECT_CONVERSION = YES_AGGRESSIVE;
				CLANG_CXX_LANGUAGE_STANDARD = "gnu++20";
				CLANG_ENABLE_MODULES = YES;
				CLANG_ENABLE_OBJC_ARC = YES;
				CLANG_ENABLE_OBJC_WEAK = YES;
				CLANG_WARN_BLOCK_CAPTURE_AUTORELEASING = YES;
				CLANG_WARN_BOOL_CONVERSION = YES;
				CLANG_WARN_COMMA = YES;
				CLANG_WARN_CONSTANT_CONVERSION = YES;
				CLANG_WARN_DEPRECATED_OBJC_IMPLEMENTATIONS = YES;
				CLANG_WARN_DIRECT_OBJC_ISA_USAGE = YES_ERROR;
				CLANG_WARN_DOCUMENTATION_COMMENTS = YES;
				CLANG_WARN_EMPTY_BODY = YES;
				CLANG_WARN_ENUM_CONVERSION = YES;
				CLANG_WARN_INFINITE_RECURSION = YES;
				CLANG_WARN_INT_CONVERSION = YES;
				CLANG_WARN_NON_LITERAL_NULL_CONVERSION = YES;
				CLANG_WARN_OBJC_IMPLICIT_RETAIN_SELF = YES;
				CLANG_WARN_OBJC_LITERAL_CONVERSION = YES;
				CLANG_WARN_OBJC_ROOT_CLASS = YES_ERROR;
				CLANG_WARN_QUOTED_INCLUDE_IN_FRAMEWORK_HEADER = YES;
				CLANG_WARN_RANGE_LOOP_ANALYSIS = YES;
				CLANG_WARN_STRICT_PROTOTYPES = YES;
				CLANG_WARN_SUSPICIOUS_MOVE = YES;
				CLANG_WARN_UNGUARDED_AVAILABILITY = YES_AGGRESSIVE;
				CLANG_WARN_UNREACHABLE_CODE = YES;
				CLANG_WARN__DUPLICATE_METHOD_MATCH = YES;
				COPY_PHASE_STRIP = NO;
				DEBUG_INFORMATION_FORMAT = "dwarf-with-dsym";
				ENABLE_NS_ASSERTIONS = NO;
				ENABLE_STRICT_OBJC_MSGSEND = YES;
				GCC_C_LANGUAGE_STANDARD = gnu11;
				GCC_NO_COMMON_BLOCKS = YES;
				GCC_WARN_64_TO_32_BIT_CONVERSION = YES;
				GCC_WARN_ABOUT_RETURN_TYPE = YES_ERROR;
				GCC_WARN_UNDECLARED_SELECTOR = YES;
				GCC_WARN_UNINITIALIZED_AUTOS = YES_AGGRESSIVE;
				GCC_WARN_UNUSED_FUNCTION = YES;
				GCC_WARN_UNUSED_VARIABLE = YES;
				IPHONEOS_DEPLOYMENT_TARGET = 16.2;
				MTL_ENABLE_DEBUG_INFO = NO;
				MTL_FAST_MATH = YES;
				SDKROOT = iphoneos;
				SWIFT_COMPILATION_MODE = wholemodule;
				SWIFT_OPTIMIZATION_LEVEL = "-O";
				VALIDATE_PRODUCT = YES;
			};
			name = Release;
		};
		7709B6D22A0BD85D004DBE6F /* Debug */ = {
			isa = XCBuildConfiguration;
			buildSettings = {
				ASSETCATALOG_COMPILER_APPICON_NAME = AppIcon;
				ASSETCATALOG_COMPILER_GLOBAL_ACCENT_COLOR_NAME = AccentColor;
				CODE_SIGN_STYLE = Automatic;
				CURRENT_PROJECT_VERSION = 1;
				DEVELOPMENT_ASSET_PATHS = "\"NewsApp/Preview Content\"";
				ENABLE_PREVIEWS = YES;
				GENERATE_INFOPLIST_FILE = YES;
				INFOPLIST_KEY_UIApplicationSceneManifest_Generation = YES;
				INFOPLIST_KEY_UIApplicationSupportsIndirectInputEvents = YES;
				INFOPLIST_KEY_UILaunchScreen_Generation = YES;
				INFOPLIST_KEY_UISupportedInterfaceOrientations_iPad = "UIInterfaceOrientationPortrait UIInterfaceOrientationPortraitUpsideDown UIInterfaceOrientationLandscapeLeft UIInterfaceOrientationLandscapeRight";
				INFOPLIST_KEY_UISupportedInterfaceOrientations_iPhone = "UIInterfaceOrientationPortrait UIInterfaceOrientationLandscapeLeft UIInterfaceOrientationLandscapeRight";
				LD_RUNPATH_SEARCH_PATHS = (
					"$(inherited)",
					"@executable_path/Frameworks",
				);
				MARKETING_VERSION = 1.0;
				PRODUCT_BUNDLE_IDENTIFIER = viktor.NewsApp;
				PRODUCT_NAME = "$(TARGET_NAME)";
				SWIFT_EMIT_LOC_STRINGS = YES;
				SWIFT_VERSION = 5.0;
				TARGETED_DEVICE_FAMILY = "1,2";
			};
			name = Debug;
		};
		7709B6D32A0BD85D004DBE6F /* Release */ = {
			isa = XCBuildConfiguration;
			buildSettings = {
				ASSETCATALOG_COMPILER_APPICON_NAME = AppIcon;
				ASSETCATALOG_COMPILER_GLOBAL_ACCENT_COLOR_NAME = AccentColor;
				CODE_SIGN_STYLE = Automatic;
				CURRENT_PROJECT_VERSION = 1;
				DEVELOPMENT_ASSET_PATHS = "\"NewsApp/Preview Content\"";
				ENABLE_PREVIEWS = YES;
				GENERATE_INFOPLIST_FILE = YES;
				INFOPLIST_KEY_UIApplicationSceneManifest_Generation = YES;
				INFOPLIST_KEY_UIApplicationSupportsIndirectInputEvents = YES;
				INFOPLIST_KEY_UILaunchScreen_Generation = YES;
				INFOPLIST_KEY_UISupportedInterfaceOrientations_iPad = "UIInterfaceOrientationPortrait UIInterfaceOrientationPortraitUpsideDown UIInterfaceOrientationLandscapeLeft UIInterfaceOrientationLandscapeRight";
				INFOPLIST_KEY_UISupportedInterfaceOrientations_iPhone = "UIInterfaceOrientationPortrait UIInterfaceOrientationLandscapeLeft UIInterfaceOrientationLandscapeRight";
				LD_RUNPATH_SEARCH_PATHS = (
					"$(inherited)",
					"@executable_path/Frameworks",
				);
				MARKETING_VERSION = 1.0;
				PRODUCT_BUNDLE_IDENTIFIER = viktor.NewsApp;
				PRODUCT_NAME = "$(TARGET_NAME)";
				SWIFT_EMIT_LOC_STRINGS = YES;
				SWIFT_VERSION = 5.0;
				TARGETED_DEVICE_FAMILY = "1,2";
			};
			name = Release;
		};
		7709B6D52A0BD85D004DBE6F /* Debug */ = {
			isa = XCBuildConfiguration;
			buildSettings = {
				ALWAYS_EMBED_SWIFT_STANDARD_LIBRARIES = YES;
				BUNDLE_LOADER = "$(TEST_HOST)";
				CODE_SIGN_STYLE = Automatic;
				CURRENT_PROJECT_VERSION = 1;
				GENERATE_INFOPLIST_FILE = YES;
				IPHONEOS_DEPLOYMENT_TARGET = 16.2;
				MARKETING_VERSION = 1.0;
				PRODUCT_BUNDLE_IDENTIFIER = viktor.NewsAppTests;
				PRODUCT_NAME = "$(TARGET_NAME)";
				SWIFT_EMIT_LOC_STRINGS = NO;
				SWIFT_VERSION = 5.0;
				TARGETED_DEVICE_FAMILY = "1,2";
				TEST_HOST = "$(BUILT_PRODUCTS_DIR)/NewsApp.app/$(BUNDLE_EXECUTABLE_FOLDER_PATH)/NewsApp";
			};
			name = Debug;
		};
		7709B6D62A0BD85D004DBE6F /* Release */ = {
			isa = XCBuildConfiguration;
			buildSettings = {
				ALWAYS_EMBED_SWIFT_STANDARD_LIBRARIES = YES;
				BUNDLE_LOADER = "$(TEST_HOST)";
				CODE_SIGN_STYLE = Automatic;
				CURRENT_PROJECT_VERSION = 1;
				GENERATE_INFOPLIST_FILE = YES;
				IPHONEOS_DEPLOYMENT_TARGET = 16.2;
				MARKETING_VERSION = 1.0;
				PRODUCT_BUNDLE_IDENTIFIER = viktor.NewsAppTests;
				PRODUCT_NAME = "$(TARGET_NAME)";
				SWIFT_EMIT_LOC_STRINGS = NO;
				SWIFT_VERSION = 5.0;
				TARGETED_DEVICE_FAMILY = "1,2";
				TEST_HOST = "$(BUILT_PRODUCTS_DIR)/NewsApp.app/$(BUNDLE_EXECUTABLE_FOLDER_PATH)/NewsApp";
			};
			name = Release;
		};
		7709B6D82A0BD85D004DBE6F /* Debug */ = {
			isa = XCBuildConfiguration;
			buildSettings = {
				ALWAYS_EMBED_SWIFT_STANDARD_LIBRARIES = YES;
				CODE_SIGN_STYLE = Automatic;
				CURRENT_PROJECT_VERSION = 1;
				GENERATE_INFOPLIST_FILE = YES;
				MARKETING_VERSION = 1.0;
				PRODUCT_BUNDLE_IDENTIFIER = viktor.NewsAppUITests;
				PRODUCT_NAME = "$(TARGET_NAME)";
				SWIFT_EMIT_LOC_STRINGS = NO;
				SWIFT_VERSION = 5.0;
				TARGETED_DEVICE_FAMILY = "1,2";
				TEST_TARGET_NAME = NewsApp;
			};
			name = Debug;
		};
		7709B6D92A0BD85D004DBE6F /* Release */ = {
			isa = XCBuildConfiguration;
			buildSettings = {
				ALWAYS_EMBED_SWIFT_STANDARD_LIBRARIES = YES;
				CODE_SIGN_STYLE = Automatic;
				CURRENT_PROJECT_VERSION = 1;
				GENERATE_INFOPLIST_FILE = YES;
				MARKETING_VERSION = 1.0;
				PRODUCT_BUNDLE_IDENTIFIER = viktor.NewsAppUITests;
				PRODUCT_NAME = "$(TARGET_NAME)";
				SWIFT_EMIT_LOC_STRINGS = NO;
				SWIFT_VERSION = 5.0;
				TARGETED_DEVICE_FAMILY = "1,2";
				TEST_TARGET_NAME = NewsApp;
			};
			name = Release;
		};
/* End XCBuildConfiguration section */

/* Begin XCConfigurationList section */
		7709B6A82A0BD859004DBE6F /* Build configuration list for PBXProject "NewsApp" */ = {
			isa = XCConfigurationList;
			buildConfigurations = (
				7709B6CF2A0BD85D004DBE6F /* Debug */,
				7709B6D02A0BD85D004DBE6F /* Release */,
			);
			defaultConfigurationIsVisible = 0;
			defaultConfigurationName = Release;
		};
		7709B6D12A0BD85D004DBE6F /* Build configuration list for PBXNativeTarget "NewsApp" */ = {
			isa = XCConfigurationList;
			buildConfigurations = (
				7709B6D22A0BD85D004DBE6F /* Debug */,
				7709B6D32A0BD85D004DBE6F /* Release */,
			);
			defaultConfigurationIsVisible = 0;
			defaultConfigurationName = Release;
		};
		7709B6D42A0BD85D004DBE6F /* Build configuration list for PBXNativeTarget "NewsAppTests" */ = {
			isa = XCConfigurationList;
			buildConfigurations = (
				7709B6D52A0BD85D004DBE6F /* Debug */,
				7709B6D62A0BD85D004DBE6F /* Release */,
			);
			defaultConfigurationIsVisible = 0;
			defaultConfigurationName = Release;
		};
		7709B6D72A0BD85D004DBE6F /* Build configuration list for PBXNativeTarget "NewsAppUITests" */ = {
			isa = XCConfigurationList;
			buildConfigurations = (
				7709B6D82A0BD85D004DBE6F /* Debug */,
				7709B6D92A0BD85D004DBE6F /* Release */,
			);
			defaultConfigurationIsVisible = 0;
			defaultConfigurationName = Release;
		};
/* End XCConfigurationList section */

/* Begin XCRemoteSwiftPackageReference section */
		5CCF859B2A0FE0B100CF11CB /* XCRemoteSwiftPackageReference "firebase-ios-sdk" */ = {
			isa = XCRemoteSwiftPackageReference;
			repositoryURL = "https://github.com/firebase/firebase-ios-sdk";
			requirement = {
				kind = upToNextMajorVersion;
				minimumVersion = 10.0.0;
			};
		};
/* End XCRemoteSwiftPackageReference section */

/* Begin XCSwiftPackageProductDependency section */
		5CCF859C2A0FE0B100CF11CB /* FirebaseAuth */ = {
			isa = XCSwiftPackageProductDependency;
			package = 5CCF859B2A0FE0B100CF11CB /* XCRemoteSwiftPackageReference "firebase-ios-sdk" */;
			productName = FirebaseAuth;
		};
		5CCF859E2A0FE0B100CF11CB /* FirebaseFirestore */ = {
			isa = XCSwiftPackageProductDependency;
			package = 5CCF859B2A0FE0B100CF11CB /* XCRemoteSwiftPackageReference "firebase-ios-sdk" */;
			productName = FirebaseFirestore;
		};
		5CCF85A02A0FE0B100CF11CB /* FirebaseFirestoreSwift */ = {
			isa = XCSwiftPackageProductDependency;
			package = 5CCF859B2A0FE0B100CF11CB /* XCRemoteSwiftPackageReference "firebase-ios-sdk" */;
			productName = FirebaseFirestoreSwift;
		};
		5CCF85A22A0FE0B100CF11CB /* FirebaseInAppMessaging-Beta */ = {
			isa = XCSwiftPackageProductDependency;
			package = 5CCF859B2A0FE0B100CF11CB /* XCRemoteSwiftPackageReference "firebase-ios-sdk" */;
			productName = "FirebaseInAppMessaging-Beta";
		};
		5CCF85A42A0FE0B100CF11CB /* FirebaseInAppMessagingSwift-Beta */ = {
			isa = XCSwiftPackageProductDependency;
			package = 5CCF859B2A0FE0B100CF11CB /* XCRemoteSwiftPackageReference "firebase-ios-sdk" */;
			productName = "FirebaseInAppMessagingSwift-Beta";
		};
		5CCF85A62A0FE0B100CF11CB /* FirebaseMessaging */ = {
			isa = XCSwiftPackageProductDependency;
			package = 5CCF859B2A0FE0B100CF11CB /* XCRemoteSwiftPackageReference "firebase-ios-sdk" */;
			productName = FirebaseMessaging;
		};
		5CCF85A82A0FE0B100CF11CB /* FirebaseStorage */ = {
			isa = XCSwiftPackageProductDependency;
			package = 5CCF859B2A0FE0B100CF11CB /* XCRemoteSwiftPackageReference "firebase-ios-sdk" */;
			productName = FirebaseStorage;
		};
/* End XCSwiftPackageProductDependency section */
	};
	rootObject = 7709B6A52A0BD859004DBE6F /* Project object */;
}
